PODS:
  - ProgressHUD (13.6)
  - SDWebImage (5.12.3):
    - SDWebImage/Core (= 5.12.3)
  - SDWebImage/Core (5.12.3)

DEPENDENCIES:
  - ProgressHUD
  - SDWebImage

SPEC REPOS:
  trunk:
    - ProgressHUD
    - SDWebImage

SPEC CHECKSUMS:
  ProgressHUD: 4bdaa0d2ddf676b23324b199f9facffb5c3a1620
  SDWebImage: 53179a2dba77246efa8a9b85f5c5b21f8f43e38f

PODFILE CHECKSUM: 8b0b9b15b86e4c8826a228e5851c580d406c4b95

COCOAPODS: 1.10.1
